
Microsoft Visual Studio Solution File, Format Version 12.00
# Visual Studio 15
VisualStudioVersion = 15.0.26430.6
MinimumVisualStudioVersion = 10.0.40219.1
Project("{FAE04EC0-301F-11D3-BF4B-00C04F79EFBC}") = "RadialReview", "RadialReview\RadialReview.csproj", "{7104473E-4E35-4107-9B11-4346291F8B4E}"
EndProject
Project("{2150E333-8FDC-42A3-9474-1A3956D46DE8}") = "Solution Items", "Solution Items", "{16819F84-7706-4695-A0E6-A8E810585DAE}"
	ProjectSection(SolutionItems) = preProject
		.a11yrc = .a11yrc
		Performance1.psess = Performance1.psess
		WE-browsers.xml = WE-browsers.xml
		..\..\Users\Clay\AppData\Local\Microsoft\VisualStudio\12.0\Extensions\t1crk40o.1ck\schemas\WE-Palette.css = ..\..\Users\Clay\AppData\Local\Microsoft\VisualStudio\12.0\Extensions\t1crk40o.1ck\schemas\WE-Palette.css
		WE2013-settings.xml = WE2013-settings.xml
		WebEssentials-Settings.json = WebEssentials-Settings.json
		WebEssentials2015-Settings.json = WebEssentials2015-Settings.json
	EndProjectSection
EndProject
Project("{2150E333-8FDC-42A3-9474-1A3956D46DE8}") = ".nuget", ".nuget", "{E05E5D03-7EAD-49DA-9AAE-70E5A9249FA4}"
	ProjectSection(SolutionItems) = preProject
		.nuget\packages.config = .nuget\packages.config
	EndProjectSection
EndProject
Project("{FAE04EC0-301F-11D3-BF4B-00C04F79EFBC}") = "TractionTools.Tests", "TractionTools.Tests\TractionTools.Tests.csproj", "{7ADBCF98-CE48-448D-B0B2-80AC072EAE29}"
EndProject
Project("{FAE04EC0-301F-11D3-BF4B-00C04F79EFBC}") = "TractionTools.UITests", "TractionTools.UITests\TractionTools.UITests.csproj", "{37106BE5-0395-4BE6-9AD1-9A0E28B135A3}"
EndProject
Project("{2150E333-8FDC-42A3-9474-1A3956D46DE8}") = "UnitTestMetrics", "UnitTestMetrics", "{21E01D76-2050-4C5A-A151-0BC54D90FA69}"
	ProjectSection(SolutionItems) = preProject
		GenerateMetrics.bat = GenerateMetrics.bat
	EndProjectSection
EndProject
Project("{FAE04EC0-301F-11D3-BF4B-00C04F79EFBC}") = "CamundaCSharpClient", "CamundaCSharpClient\CamundaCSharpClient.csproj", "{220D5704-6B65-4F39-ABE2-E3786114F2FD}"
EndProject
Project("{FAE04EC0-301F-11D3-BF4B-00C04F79EFBC}") = "AmazonSDK", "AmazonSDK\AmazonSDK.csproj", "{D82E94BD-80CF-4697-B72B-877998571809}"
EndProject
Global
	GlobalSection(SolutionConfigurationPlatforms) = preSolution
		Debug|Any CPU = Debug|Any CPU
		Debug|Mixed Platforms = Debug|Mixed Platforms
		Debug|x64 = Debug|x64
		Debug|x86 = Debug|x86
		Release|Any CPU = Release|Any CPU
		Release|Mixed Platforms = Release|Mixed Platforms
		Release|x64 = Release|x64
		Release|x86 = Release|x86
		UPDATE DATABSE|Any CPU = UPDATE DATABSE|Any CPU
		UPDATE DATABSE|Mixed Platforms = UPDATE DATABSE|Mixed Platforms
		UPDATE DATABSE|x64 = UPDATE DATABSE|x64
		UPDATE DATABSE|x86 = UPDATE DATABSE|x86
	EndGlobalSection
	GlobalSection(ProjectConfigurationPlatforms) = postSolution
		{7104473E-4E35-4107-9B11-4346291F8B4E}.Debug|Any CPU.ActiveCfg = Debug|Any CPU
		{7104473E-4E35-4107-9B11-4346291F8B4E}.Debug|Any CPU.Build.0 = Debug|Any CPU
		{7104473E-4E35-4107-9B11-4346291F8B4E}.Debug|Mixed Platforms.ActiveCfg = Debug|x86
		{7104473E-4E35-4107-9B11-4346291F8B4E}.Debug|Mixed Platforms.Build.0 = Debug|x86
		{7104473E-4E35-4107-9B11-4346291F8B4E}.Debug|x64.ActiveCfg = Debug|x64
		{7104473E-4E35-4107-9B11-4346291F8B4E}.Debug|x64.Build.0 = Debug|x64
		{7104473E-4E35-4107-9B11-4346291F8B4E}.Debug|x86.ActiveCfg = Debug|x86
		{7104473E-4E35-4107-9B11-4346291F8B4E}.Debug|x86.Build.0 = Debug|x86
		{7104473E-4E35-4107-9B11-4346291F8B4E}.Release|Any CPU.ActiveCfg = Release|Any CPU
		{7104473E-4E35-4107-9B11-4346291F8B4E}.Release|Any CPU.Build.0 = Release|Any CPU
		{7104473E-4E35-4107-9B11-4346291F8B4E}.Release|Mixed Platforms.ActiveCfg = Release|x86
		{7104473E-4E35-4107-9B11-4346291F8B4E}.Release|Mixed Platforms.Build.0 = Release|x86
		{7104473E-4E35-4107-9B11-4346291F8B4E}.Release|x64.ActiveCfg = Release|x64
		{7104473E-4E35-4107-9B11-4346291F8B4E}.Release|x64.Build.0 = Release|x64
		{7104473E-4E35-4107-9B11-4346291F8B4E}.Release|x86.ActiveCfg = Release|x86
		{7104473E-4E35-4107-9B11-4346291F8B4E}.Release|x86.Build.0 = Release|x86
		{7104473E-4E35-4107-9B11-4346291F8B4E}.UPDATE DATABSE|Any CPU.ActiveCfg = UPDATE DATABSE|Any CPU
		{7104473E-4E35-4107-9B11-4346291F8B4E}.UPDATE DATABSE|Any CPU.Build.0 = UPDATE DATABSE|Any CPU
		{7104473E-4E35-4107-9B11-4346291F8B4E}.UPDATE DATABSE|Mixed Platforms.ActiveCfg = UPDATE DATABSE|x86
		{7104473E-4E35-4107-9B11-4346291F8B4E}.UPDATE DATABSE|Mixed Platforms.Build.0 = UPDATE DATABSE|x86
		{7104473E-4E35-4107-9B11-4346291F8B4E}.UPDATE DATABSE|x64.ActiveCfg = UPDATE DATABSE|x64
		{7104473E-4E35-4107-9B11-4346291F8B4E}.UPDATE DATABSE|x64.Build.0 = UPDATE DATABSE|x64
		{7104473E-4E35-4107-9B11-4346291F8B4E}.UPDATE DATABSE|x86.ActiveCfg = UPDATE DATABSE|x86
		{7104473E-4E35-4107-9B11-4346291F8B4E}.UPDATE DATABSE|x86.Build.0 = UPDATE DATABSE|x86
		{7ADBCF98-CE48-448D-B0B2-80AC072EAE29}.Debug|Any CPU.ActiveCfg = Debug|Any CPU
		{7ADBCF98-CE48-448D-B0B2-80AC072EAE29}.Debug|Any CPU.Build.0 = Debug|Any CPU
		{7ADBCF98-CE48-448D-B0B2-80AC072EAE29}.Debug|Mixed Platforms.ActiveCfg = Debug|x86
		{7ADBCF98-CE48-448D-B0B2-80AC072EAE29}.Debug|Mixed Platforms.Build.0 = Debug|x86
		{7ADBCF98-CE48-448D-B0B2-80AC072EAE29}.Debug|x64.ActiveCfg = Debug|Any CPU
		{7ADBCF98-CE48-448D-B0B2-80AC072EAE29}.Debug|x86.ActiveCfg = Debug|x86
		{7ADBCF98-CE48-448D-B0B2-80AC072EAE29}.Debug|x86.Build.0 = Debug|x86
		{7ADBCF98-CE48-448D-B0B2-80AC072EAE29}.Release|Any CPU.ActiveCfg = Release|Any CPU
		{7ADBCF98-CE48-448D-B0B2-80AC072EAE29}.Release|Any CPU.Build.0 = Release|Any CPU
		{7ADBCF98-CE48-448D-B0B2-80AC072EAE29}.Release|Mixed Platforms.ActiveCfg = Release|Any CPU
		{7ADBCF98-CE48-448D-B0B2-80AC072EAE29}.Release|Mixed Platforms.Build.0 = Release|Any CPU
		{7ADBCF98-CE48-448D-B0B2-80AC072EAE29}.Release|x64.ActiveCfg = Release|Any CPU
		{7ADBCF98-CE48-448D-B0B2-80AC072EAE29}.Release|x86.ActiveCfg = Release|Any CPU
		{7ADBCF98-CE48-448D-B0B2-80AC072EAE29}.UPDATE DATABSE|Any CPU.ActiveCfg = Release|Any CPU
		{7ADBCF98-CE48-448D-B0B2-80AC072EAE29}.UPDATE DATABSE|Any CPU.Build.0 = Release|Any CPU
		{7ADBCF98-CE48-448D-B0B2-80AC072EAE29}.UPDATE DATABSE|Mixed Platforms.ActiveCfg = Release|Any CPU
		{7ADBCF98-CE48-448D-B0B2-80AC072EAE29}.UPDATE DATABSE|Mixed Platforms.Build.0 = Release|Any CPU
		{7ADBCF98-CE48-448D-B0B2-80AC072EAE29}.UPDATE DATABSE|x64.ActiveCfg = Release|Any CPU
		{7ADBCF98-CE48-448D-B0B2-80AC072EAE29}.UPDATE DATABSE|x86.ActiveCfg = Release|Any CPU
		{37106BE5-0395-4BE6-9AD1-9A0E28B135A3}.Debug|Any CPU.ActiveCfg = Debug|Any CPU
		{37106BE5-0395-4BE6-9AD1-9A0E28B135A3}.Debug|Any CPU.Build.0 = Debug|Any CPU
		{37106BE5-0395-4BE6-9AD1-9A0E28B135A3}.Debug|Mixed Platforms.ActiveCfg = Debug|x86
		{37106BE5-0395-4BE6-9AD1-9A0E28B135A3}.Debug|Mixed Platforms.Build.0 = Debug|x86
		{37106BE5-0395-4BE6-9AD1-9A0E28B135A3}.Debug|x64.ActiveCfg = Debug|Any CPU
		{37106BE5-0395-4BE6-9AD1-9A0E28B135A3}.Debug|x86.ActiveCfg = Debug|x86
		{37106BE5-0395-4BE6-9AD1-9A0E28B135A3}.Debug|x86.Build.0 = Debug|x86
		{37106BE5-0395-4BE6-9AD1-9A0E28B135A3}.Release|Any CPU.ActiveCfg = Release|Any CPU
		{37106BE5-0395-4BE6-9AD1-9A0E28B135A3}.Release|Any CPU.Build.0 = Release|Any CPU
		{37106BE5-0395-4BE6-9AD1-9A0E28B135A3}.Release|Mixed Platforms.ActiveCfg = Release|Any CPU
		{37106BE5-0395-4BE6-9AD1-9A0E28B135A3}.Release|Mixed Platforms.Build.0 = Release|Any CPU
		{37106BE5-0395-4BE6-9AD1-9A0E28B135A3}.Release|x64.ActiveCfg = Release|Any CPU
		{37106BE5-0395-4BE6-9AD1-9A0E28B135A3}.Release|x86.ActiveCfg = Release|Any CPU
		{37106BE5-0395-4BE6-9AD1-9A0E28B135A3}.UPDATE DATABSE|Any CPU.ActiveCfg = Release|Any CPU
		{37106BE5-0395-4BE6-9AD1-9A0E28B135A3}.UPDATE DATABSE|Any CPU.Build.0 = Release|Any CPU
		{37106BE5-0395-4BE6-9AD1-9A0E28B135A3}.UPDATE DATABSE|Mixed Platforms.ActiveCfg = Release|Any CPU
		{37106BE5-0395-4BE6-9AD1-9A0E28B135A3}.UPDATE DATABSE|Mixed Platforms.Build.0 = Release|Any CPU
		{37106BE5-0395-4BE6-9AD1-9A0E28B135A3}.UPDATE DATABSE|x64.ActiveCfg = Release|Any CPU
		{37106BE5-0395-4BE6-9AD1-9A0E28B135A3}.UPDATE DATABSE|x86.ActiveCfg = Release|Any CPU
		{220D5704-6B65-4F39-ABE2-E3786114F2FD}.Debug|Any CPU.ActiveCfg = Debug|Any CPU
		{220D5704-6B65-4F39-ABE2-E3786114F2FD}.Debug|Any CPU.Build.0 = Debug|Any CPU
		{220D5704-6B65-4F39-ABE2-E3786114F2FD}.Debug|Mixed Platforms.ActiveCfg = Debug|Any CPU
		{220D5704-6B65-4F39-ABE2-E3786114F2FD}.Debug|Mixed Platforms.Build.0 = Debug|Any CPU
		{220D5704-6B65-4F39-ABE2-E3786114F2FD}.Debug|x64.ActiveCfg = Debug|Any CPU
		{220D5704-6B65-4F39-ABE2-E3786114F2FD}.Debug|x64.Build.0 = Debug|Any CPU
		{220D5704-6B65-4F39-ABE2-E3786114F2FD}.Debug|x86.ActiveCfg = Debug|Any CPU
		{220D5704-6B65-4F39-ABE2-E3786114F2FD}.Debug|x86.Build.0 = Debug|Any CPU
		{220D5704-6B65-4F39-ABE2-E3786114F2FD}.Release|Any CPU.ActiveCfg = Release|Any CPU
		{220D5704-6B65-4F39-ABE2-E3786114F2FD}.Release|Any CPU.Build.0 = Release|Any CPU
		{220D5704-6B65-4F39-ABE2-E3786114F2FD}.Release|Mixed Platforms.ActiveCfg = Release|Any CPU
		{220D5704-6B65-4F39-ABE2-E3786114F2FD}.Release|Mixed Platforms.Build.0 = Release|Any CPU
		{220D5704-6B65-4F39-ABE2-E3786114F2FD}.Release|x64.ActiveCfg = Release|Any CPU
		{220D5704-6B65-4F39-ABE2-E3786114F2FD}.Release|x64.Build.0 = Release|Any CPU
		{220D5704-6B65-4F39-ABE2-E3786114F2FD}.Release|x86.ActiveCfg = Release|Any CPU
		{220D5704-6B65-4F39-ABE2-E3786114F2FD}.Release|x86.Build.0 = Release|Any CPU
		{220D5704-6B65-4F39-ABE2-E3786114F2FD}.UPDATE DATABSE|Any CPU.ActiveCfg = Release|Any CPU
		{220D5704-6B65-4F39-ABE2-E3786114F2FD}.UPDATE DATABSE|Any CPU.Build.0 = Release|Any CPU
		{220D5704-6B65-4F39-ABE2-E3786114F2FD}.UPDATE DATABSE|Mixed Platforms.ActiveCfg = Release|Any CPU
		{220D5704-6B65-4F39-ABE2-E3786114F2FD}.UPDATE DATABSE|Mixed Platforms.Build.0 = Release|Any CPU
		{220D5704-6B65-4F39-ABE2-E3786114F2FD}.UPDATE DATABSE|x64.ActiveCfg = Release|Any CPU
		{220D5704-6B65-4F39-ABE2-E3786114F2FD}.UPDATE DATABSE|x64.Build.0 = Release|Any CPU
		{220D5704-6B65-4F39-ABE2-E3786114F2FD}.UPDATE DATABSE|x86.ActiveCfg = Release|Any CPU
		{220D5704-6B65-4F39-ABE2-E3786114F2FD}.UPDATE DATABSE|x86.Build.0 = Release|Any CPU
		{D82E94BD-80CF-4697-B72B-877998571809}.Debug|Any CPU.ActiveCfg = Debug|Any CPU
		{D82E94BD-80CF-4697-B72B-877998571809}.Debug|Any CPU.Build.0 = Debug|Any CPU
		{D82E94BD-80CF-4697-B72B-877998571809}.Debug|Mixed Platforms.ActiveCfg = Debug|Any CPU
		{D82E94BD-80CF-4697-B72B-877998571809}.Debug|Mixed Platforms.Build.0 = Debug|Any CPU
		{D82E94BD-80CF-4697-B72B-877998571809}.Debug|x64.ActiveCfg = Debug|Any CPU
		{D82E94BD-80CF-4697-B72B-877998571809}.Debug|x64.Build.0 = Debug|Any CPU
		{D82E94BD-80CF-4697-B72B-877998571809}.Debug|x86.ActiveCfg = Debug|Any CPU
		{D82E94BD-80CF-4697-B72B-877998571809}.Debug|x86.Build.0 = Debug|Any CPU
		{D82E94BD-80CF-4697-B72B-877998571809}.Release|Any CPU.ActiveCfg = Release|Any CPU
		{D82E94BD-80CF-4697-B72B-877998571809}.Release|Any CPU.Build.0 = Release|Any CPU
		{D82E94BD-80CF-4697-B72B-877998571809}.Release|Mixed Platforms.ActiveCfg = Release|Any CPU
		{D82E94BD-80CF-4697-B72B-877998571809}.Release|Mixed Platforms.Build.0 = Release|Any CPU
		{D82E94BD-80CF-4697-B72B-877998571809}.Release|x64.ActiveCfg = Release|Any CPU
		{D82E94BD-80CF-4697-B72B-877998571809}.Release|x64.Build.0 = Release|Any CPU
		{D82E94BD-80CF-4697-B72B-877998571809}.Release|x86.ActiveCfg = Release|Any CPU
		{D82E94BD-80CF-4697-B72B-877998571809}.Release|x86.Build.0 = Release|Any CPU
		{D82E94BD-80CF-4697-B72B-877998571809}.UPDATE DATABSE|Any CPU.ActiveCfg = Release|Any CPU
		{D82E94BD-80CF-4697-B72B-877998571809}.UPDATE DATABSE|Any CPU.Build.0 = Release|Any CPU
		{D82E94BD-80CF-4697-B72B-877998571809}.UPDATE DATABSE|Mixed Platforms.ActiveCfg = Release|Any CPU
		{D82E94BD-80CF-4697-B72B-877998571809}.UPDATE DATABSE|Mixed Platforms.Build.0 = Release|Any CPU
		{D82E94BD-80CF-4697-B72B-877998571809}.UPDATE DATABSE|x64.ActiveCfg = Release|Any CPU
		{D82E94BD-80CF-4697-B72B-877998571809}.UPDATE DATABSE|x64.Build.0 = Release|Any CPU
		{D82E94BD-80CF-4697-B72B-877998571809}.UPDATE DATABSE|x86.ActiveCfg = Release|Any CPU
		{D82E94BD-80CF-4697-B72B-877998571809}.UPDATE DATABSE|x86.Build.0 = Release|Any CPU
	EndGlobalSection
	GlobalSection(SolutionProperties) = preSolution
		HideSolutionNode = FALSE
	EndGlobalSection
	GlobalSection(NestedProjects) = preSolution
		{21E01D76-2050-4C5A-A151-0BC54D90FA69} = {16819F84-7706-4695-A0E6-A8E810585DAE}
	EndGlobalSection
EndGlobal
